
Microsoft Visual Studio Solution File, Format Version 12.00
# Visual Studio Version 16
VisualStudioVersion = 16.0.32510.428
MinimumVisualStudioVersion = 10.0.40219.1
Project("{FAE04EC0-301F-11D3-BF4B-00C04F79EFBC}") = "DotNetLibrary", "DotNetLibrary.csproj", "{6B74BC61-8A2F-413F-B111-969D1F7A12D3}"
EndProject
Project("{FAE04EC0-301F-11D3-BF4B-00C04F79EFBC}") = "DotnetLibrary.Data", "..\DotnetLibrary.Data\DotnetLibrary.Data.csproj", "{017EB727-8B09-4B71-9470-C77CF352FF7B}"
EndProject
Project("{FAE04EC0-301F-11D3-BF4B-00C04F79EFBC}") = "DotnetLibrary.Core", "..\DotnetLibrary.Core\DotnetLibrary.Core.csproj", "{C1EF07F7-A374-4E5F-B0D0-E3E34324F125}"
EndProject
Project("{FAE04EC0-301F-11D3-BF4B-00C04F79EFBC}") = "DotnetLibrary.Model", "..\DotnetLibrary.Model\DotnetLibrary.Model.csproj", "{71E6396F-9CC4-4E46-954F-2C6B91579CCA}"
EndProject
Global
	GlobalSection(SolutionConfigurationPlatforms) = preSolution
		Debug|Any CPU = Debug|Any CPU
		Release|Any CPU = Release|Any CPU
	EndGlobalSection
	GlobalSection(ProjectConfigurationPlatforms) = postSolution
		{6B74BC61-8A2F-413F-B111-969D1F7A12D3}.Debug|Any CPU.ActiveCfg = Debug|Any CPU
		{6B74BC61-8A2F-413F-B111-969D1F7A12D3}.Debug|Any CPU.Build.0 = Debug|Any CPU
		{6B74BC61-8A2F-413F-B111-969D1F7A12D3}.Release|Any CPU.ActiveCfg = Release|Any CPU
		{6B74BC61-8A2F-413F-B111-969D1F7A12D3}.Release|Any CPU.Build.0 = Release|Any CPU
		{017EB727-8B09-4B71-9470-C77CF352FF7B}.Debug|Any CPU.ActiveCfg = Debug|Any CPU
		{017EB727-8B09-4B71-9470-C77CF352FF7B}.Debug|Any CPU.Build.0 = Debug|Any CPU
		{017EB727-8B09-4B71-9470-C77CF352FF7B}.Release|Any CPU.ActiveCfg = Release|Any CPU
		{017EB727-8B09-4B71-9470-C77CF352FF7B}.Release|Any CPU.Build.0 = Release|Any CPU
		{C1EF07F7-A374-4E5F-B0D0-E3E34324F125}.Debug|Any CPU.ActiveCfg = Debug|Any CPU
		{C1EF07F7-A374-4E5F-B0D0-E3E34324F125}.Debug|Any CPU.Build.0 = Debug|Any CPU
		{C1EF07F7-A374-4E5F-B0D0-E3E34324F125}.Release|Any CPU.ActiveCfg = Release|Any CPU
		{C1EF07F7-A374-4E5F-B0D0-E3E34324F125}.Release|Any CPU.Build.0 = Release|Any CPU
		{71E6396F-9CC4-4E46-954F-2C6B91579CCA}.Debug|Any CPU.ActiveCfg = Debug|Any CPU
		{71E6396F-9CC4-4E46-954F-2C6B91579CCA}.Debug|Any CPU.Build.0 = Debug|Any CPU
		{71E6396F-9CC4-4E46-954F-2C6B91579CCA}.Release|Any CPU.ActiveCfg = Release|Any CPU
		{71E6396F-9CC4-4E46-954F-2C6B91579CCA}.Release|Any CPU.Build.0 = Release|Any CPU
	EndGlobalSection
	GlobalSection(SolutionProperties) = preSolution
		HideSolutionNode = FALSE
	EndGlobalSection
	GlobalSection(ExtensibilityGlobals) = postSolution
		SolutionGuid = {740BC35C-4160-4DFA-B7BF-EED53EE05986}
	EndGlobalSection
EndGlobal
